// !$*UTF8*$!
{
	archiveVersion = 1;
	classes = {
	};
	objectVersion = 46;
	objects = {

/* Begin PBXBuildFile section */
		802CD5CE1A1E9F690067165F /* LoremSwiftum.h in Headers */ = {isa = PBXBuildFile; fileRef = 80B67B4419E5603D00D2DEC2 /* LoremSwiftum.h */; settings = {ATTRIBUTES = (Public, ); }; };
		808383EB1BAA98B80075603A /* LoremSwiftum.swift in Sources */ = {isa = PBXBuildFile; fileRef = 808383EA1BAA98B80075603A /* LoremSwiftum.swift */; settings = {ASSET_TAGS = (); }; };
		80863FDB1BD7868400C3D182 /* Foundation.framework in Frameworks */ = {isa = PBXBuildFile; fileRef = 80863FDA1BD7868400C3D182 /* Foundation.framework */; };
		80863FDD1BD7868D00C3D182 /* Foundation.framework in Frameworks */ = {isa = PBXBuildFile; fileRef = 80863FDC1BD7868D00C3D182 /* Foundation.framework */; };
		80863FDE1BD7869F00C3D182 /* LoremSwiftum.swift in Sources */ = {isa = PBXBuildFile; fileRef = 808383EA1BAA98B80075603A /* LoremSwiftum.swift */; };
		80863FDF1BD786A300C3D182 /* LoremSwiftum.h in Headers */ = {isa = PBXBuildFile; fileRef = 80B67B4419E5603D00D2DEC2 /* LoremSwiftum.h */; settings = {ATTRIBUTES = (Public, ); }; };
/* End PBXBuildFile section */

/* Begin PBXFileReference section */
		802CD5B41A1E9F090067165F /* LoremSwiftum.framework */ = {isa = PBXFileReference; explicitFileType = wrapper.framework; includeInIndex = 0; path = LoremSwiftum.framework; sourceTree = BUILT_PRODUCTS_DIR; };
		80425AFA1AF5FD990030E6C3 /* LoremSwiftum.playground */ = {isa = PBXFileReference; lastKnownFileType = file.playground; path = LoremSwiftum.playground; sourceTree = "<group>"; };
		80425AFB1AF5FEAF0030E6C3 /* Foundation.framework */ = {isa = PBXFileReference; lastKnownFileType = wrapper.framework; name = Foundation.framework; path = Platforms/MacOSX.platform/Developer/SDKs/MacOSX10.10.sdk/System/Library/Frameworks/Foundation.framework; sourceTree = DEVELOPER_DIR; };
		807E43901AF5FF86001D4F31 /* UIKit.framework */ = {isa = PBXFileReference; lastKnownFileType = wrapper.framework; name = UIKit.framework; path = System/Library/Frameworks/UIKit.framework; sourceTree = SDKROOT; };
		808383EA1BAA98B80075603A /* LoremSwiftum.swift */ = {isa = PBXFileReference; fileEncoding = 4; lastKnownFileType = sourcecode.swift; path = LoremSwiftum.swift; sourceTree = "<group>"; };
		808384001BAAB2440075603A /* Info-Tests.plist */ = {isa = PBXFileReference; lastKnownFileType = text.plist.xml; path = "Info-Tests.plist"; sourceTree = "<group>"; };
		808384011BAAB2440075603A /* Info.plist */ = {isa = PBXFileReference; lastKnownFileType = text.plist.xml; path = Info.plist; sourceTree = "<group>"; };
		80863FD21BD7864C00C3D182 /* LoremSwiftum.framework */ = {isa = PBXFileReference; explicitFileType = wrapper.framework; includeInIndex = 0; path = LoremSwiftum.framework; sourceTree = BUILT_PRODUCTS_DIR; };
		80863FDA1BD7868400C3D182 /* Foundation.framework */ = {isa = PBXFileReference; lastKnownFileType = wrapper.framework; name = Foundation.framework; path = Platforms/MacOSX.platform/Developer/SDKs/MacOSX10.11.sdk/System/Library/Frameworks/Foundation.framework; sourceTree = DEVELOPER_DIR; };
		80863FDC1BD7868D00C3D182 /* Foundation.framework */ = {isa = PBXFileReference; lastKnownFileType = wrapper.framework; name = Foundation.framework; path = System/Library/Frameworks/Foundation.framework; sourceTree = SDKROOT; };
		80B67B4419E5603D00D2DEC2 /* LoremSwiftum.h */ = {isa = PBXFileReference; fileEncoding = 4; lastKnownFileType = sourcecode.c.h; path = LoremSwiftum.h; sourceTree = "<group>"; };
/* End PBXFileReference section */

/* Begin PBXFrameworksBuildPhase section */
		802CD5B01A1E9F090067165F /* Frameworks */ = {
			isa = PBXFrameworksBuildPhase;
			buildActionMask = 2147483647;
			files = (
				80863FDD1BD7868D00C3D182 /* Foundation.framework in Frameworks */,
			);
			runOnlyForDeploymentPostprocessing = 0;
		};
		80863FCE1BD7864C00C3D182 /* Frameworks */ = {
			isa = PBXFrameworksBuildPhase;
			buildActionMask = 2147483647;
			files = (
				80863FDB1BD7868400C3D182 /* Foundation.framework in Frameworks */,
			);
			runOnlyForDeploymentPostprocessing = 0;
		};
/* End PBXFrameworksBuildPhase section */

/* Begin PBXGroup section */
		802CD5CF1A1EA1A80067165F /* Playgrounds */ = {
			isa = PBXGroup;
			children = (
				80425AFA1AF5FD990030E6C3 /* LoremSwiftum.playground */,
			);
			name = Playgrounds;
			path = Examples;
			sourceTree = "<group>";
		};
		80425AFD1AF5FEB40030E6C3 /* Frameworks */ = {
			isa = PBXGroup;
			children = (
				80863FDC1BD7868D00C3D182 /* Foundation.framework */,
				80863FDA1BD7868400C3D182 /* Foundation.framework */,
				80425AFB1AF5FEAF0030E6C3 /* Foundation.framework */,
				807E43901AF5FF86001D4F31 /* UIKit.framework */,
			);
			name = Frameworks;
			sourceTree = "<group>";
		};
		808383FF1BAAB2440075603A /* Supporting Files */ = {
			isa = PBXGroup;
			children = (
				808384001BAAB2440075603A /* Info-Tests.plist */,
				808384011BAAB2440075603A /* Info.plist */,
			);
			path = "Supporting Files";
			sourceTree = SOURCE_ROOT;
		};
		8094BE5919E5521A00CBE5A0 = {
			isa = PBXGroup;
			children = (
				80B67B4219E5603D00D2DEC2 /* Sources */,
				802CD5CF1A1EA1A80067165F /* Playgrounds */,
				808383FF1BAAB2440075603A /* Supporting Files */,
				80425AFD1AF5FEB40030E6C3 /* Frameworks */,
				8094BE6419E5521A00CBE5A0 /* Products */,
			);
			sourceTree = "<group>";
		};
		8094BE6419E5521A00CBE5A0 /* Products */ = {
			isa = PBXGroup;
			children = (
				802CD5B41A1E9F090067165F /* LoremSwiftum.framework */,
				80863FD21BD7864C00C3D182 /* LoremSwiftum.framework */,
			);
			name = Products;
			sourceTree = "<group>";
		};
		80B67B4219E5603D00D2DEC2 /* Sources */ = {
			isa = PBXGroup;
			children = (
				80B67B4419E5603D00D2DEC2 /* LoremSwiftum.h */,
				808383EA1BAA98B80075603A /* LoremSwiftum.swift */,
			);
			path = Sources;
			sourceTree = "<group>";
		};
/* End PBXGroup section */

/* Begin PBXHeadersBuildPhase section */
		802CD5B11A1E9F090067165F /* Headers */ = {
			isa = PBXHeadersBuildPhase;
			buildActionMask = 2147483647;
			files = (
				802CD5CE1A1E9F690067165F /* LoremSwiftum.h in Headers */,
			);
			runOnlyForDeploymentPostprocessing = 0;
		};
		80863FCF1BD7864C00C3D182 /* Headers */ = {
			isa = PBXHeadersBuildPhase;
			buildActionMask = 2147483647;
			files = (
				80863FDF1BD786A300C3D182 /* LoremSwiftum.h in Headers */,
			);
			runOnlyForDeploymentPostprocessing = 0;
		};
/* End PBXHeadersBuildPhase section */

/* Begin PBXNativeTarget section */
		802CD5B31A1E9F090067165F /* LoremSwiftum-iOS */ = {
			isa = PBXNativeTarget;
			buildConfigurationList = 802CD5C71A1E9F090067165F /* Build configuration list for PBXNativeTarget "LoremSwiftum-iOS" */;
			buildPhases = (
				802CD5AF1A1E9F090067165F /* Sources */,
				802CD5B01A1E9F090067165F /* Frameworks */,
				802CD5B11A1E9F090067165F /* Headers */,
				802CD5B21A1E9F090067165F /* Resources */,
			);
			buildRules = (
			);
			dependencies = (
			);
			name = "LoremSwiftum-iOS";
			productName = LoremSwiftum;
			productReference = 802CD5B41A1E9F090067165F /* LoremSwiftum.framework */;
			productType = "com.apple.product-type.framework";
		};
		80863FD11BD7864C00C3D182 /* LoremSwiftum-OSX */ = {
			isa = PBXNativeTarget;
			buildConfigurationList = 80863FD71BD7864C00C3D182 /* Build configuration list for PBXNativeTarget "LoremSwiftum-OSX" */;
			buildPhases = (
				80863FCD1BD7864C00C3D182 /* Sources */,
				80863FCE1BD7864C00C3D182 /* Frameworks */,
				80863FCF1BD7864C00C3D182 /* Headers */,
				80863FD01BD7864C00C3D182 /* Resources */,
			);
			buildRules = (
			);
			dependencies = (
			);
			name = "LoremSwiftum-OSX";
			productName = LoremSwiftum;
			productReference = 80863FD21BD7864C00C3D182 /* LoremSwiftum.framework */;
			productType = "com.apple.product-type.framework";
		};
/* End PBXNativeTarget section */

/* Begin PBXProject section */
		8094BE5A19E5521A00CBE5A0 /* Project object */ = {
			isa = PBXProject;
			attributes = {
				LastSwiftUpdateCheck = 0700;
				LastUpgradeCheck = 0700;
				ORGANIZATIONNAME = "Lukas Kubanek";
				TargetAttributes = {
					802CD5B31A1E9F090067165F = {
						CreatedOnToolsVersion = 6.1;
					};
					80863FD11BD7864C00C3D182 = {
						CreatedOnToolsVersion = 7.0.1;
					};
				};
			};
			buildConfigurationList = 8094BE5D19E5521A00CBE5A0 /* Build configuration list for PBXProject "LoremSwiftum" */;
			compatibilityVersion = "Xcode 3.2";
			developmentRegion = English;
			hasScannedForEncodings = 0;
			knownRegions = (
				en,
			);
			mainGroup = 8094BE5919E5521A00CBE5A0;
			productRefGroup = 8094BE6419E5521A00CBE5A0 /* Products */;
			projectDirPath = "";
			projectRoot = "";
			targets = (
				80863FD11BD7864C00C3D182 /* LoremSwiftum-OSX */,
				802CD5B31A1E9F090067165F /* LoremSwiftum-iOS */,
			);
		};
/* End PBXProject section */

/* Begin PBXResourcesBuildPhase section */
		802CD5B21A1E9F090067165F /* Resources */ = {
			isa = PBXResourcesBuildPhase;
			buildActionMask = 2147483647;
			files = (
			);
			runOnlyForDeploymentPostprocessing = 0;
		};
		80863FD01BD7864C00C3D182 /* Resources */ = {
			isa = PBXResourcesBuildPhase;
			buildActionMask = 2147483647;
			files = (
			);
			runOnlyForDeploymentPostprocessing = 0;
		};
/* End PBXResourcesBuildPhase section */

/* Begin PBXSourcesBuildPhase section */
		802CD5AF1A1E9F090067165F /* Sources */ = {
			isa = PBXSourcesBuildPhase;
			buildActionMask = 2147483647;
			files = (
				808383EB1BAA98B80075603A /* LoremSwiftum.swift in Sources */,
			);
			runOnlyForDeploymentPostprocessing = 0;
		};
		80863FCD1BD7864C00C3D182 /* Sources */ = {
			isa = PBXSourcesBuildPhase;
			buildActionMask = 2147483647;
			files = (
				80863FDE1BD7869F00C3D182 /* LoremSwiftum.swift in Sources */,
			);
			runOnlyForDeploymentPostprocessing = 0;
		};
/* End PBXSourcesBuildPhase section */

/* Begin XCBuildConfiguration section */
		802CD5C81A1E9F090067165F /* Debug */ = {
			isa = XCBuildConfiguration;
			buildSettings = {
				COMBINE_HIDPI_IMAGES = YES;
				DEFINES_MODULE = YES;
				DYLIB_COMPATIBILITY_VERSION = 1;
				DYLIB_CURRENT_VERSION = 1;
				DYLIB_INSTALL_NAME_BASE = "@rpath";
				FRAMEWORK_VERSION = A;
				GCC_PREPROCESSOR_DEFINITIONS = (
					"DEBUG=1",
					"$(inherited)",
				);
				INFOPLIST_FILE = "Supporting Files/Info.plist";
				INSTALL_PATH = "$(LOCAL_LIBRARY_DIR)/Frameworks";
				LD_RUNPATH_SEARCH_PATHS = "$(inherited) @executable_path/../Frameworks @loader_path/Frameworks";
				MACOSX_DEPLOYMENT_TARGET = 10.10;
				PRODUCT_BUNDLE_IDENTIFIER = "com.lukaskubanek.$(PRODUCT_NAME:rfc1034identifier)";
				PRODUCT_NAME = LoremSwiftum;
				SDKROOT = iphoneos;
				SKIP_INSTALL = YES;
				SUPPORTED_PLATFORMS = "iphonesimulator iphoneos";
			};
			name = Debug;
		};
		802CD5C91A1E9F090067165F /* Release */ = {
			isa = XCBuildConfiguration;
			buildSettings = {
				COMBINE_HIDPI_IMAGES = YES;
				DEBUG_INFORMATION_FORMAT = "dwarf-with-dsym";
				DEFINES_MODULE = YES;
				DYLIB_COMPATIBILITY_VERSION = 1;
				DYLIB_CURRENT_VERSION = 1;
				DYLIB_INSTALL_NAME_BASE = "@rpath";
				FRAMEWORK_VERSION = A;
				INFOPLIST_FILE = "Supporting Files/Info.plist";
				INSTALL_PATH = "$(LOCAL_LIBRARY_DIR)/Frameworks";
				LD_RUNPATH_SEARCH_PATHS = "$(inherited) @executable_path/../Frameworks @loader_path/Frameworks";
				MACOSX_DEPLOYMENT_TARGET = 10.10;
				PRODUCT_BUNDLE_IDENTIFIER = "com.lukaskubanek.$(PRODUCT_NAME:rfc1034identifier)";
				PRODUCT_NAME = LoremSwiftum;
				SDKROOT = iphoneos;
				SKIP_INSTALL = YES;
				SUPPORTED_PLATFORMS = "iphonesimulator iphoneos";
			};
			name = Release;
		};
		80863FD81BD7864C00C3D182 /* Debug */ = {
			isa = XCBuildConfiguration;
			buildSettings = {
				COMBINE_HIDPI_IMAGES = YES;
				DEBUG_INFORMATION_FORMAT = dwarf;
				DEFINES_MODULE = YES;
				DYLIB_COMPATIBILITY_VERSION = 1;
				DYLIB_CURRENT_VERSION = 1;
				DYLIB_INSTALL_NAME_BASE = "@rpath";
				FRAMEWORK_VERSION = A;
				GCC_NO_COMMON_BLOCKS = YES;
				INFOPLIST_FILE = "$(SRCROOT)/Supporting Files/Info.plist";
				INSTALL_PATH = "$(LOCAL_LIBRARY_DIR)/Frameworks";
				LD_RUNPATH_SEARCH_PATHS = "$(inherited) @executable_path/../Frameworks @loader_path/Frameworks";
				MACOSX_DEPLOYMENT_TARGET = 10.11;
				PRODUCT_BUNDLE_IDENTIFIER = com.lukaskubanek.LoremSwiftum;
				PRODUCT_NAME = LoremSwiftum;
				SDKROOT = macosx;
				SKIP_INSTALL = YES;
			};
			name = Debug;
		};
		80863FD91BD7864C00C3D182 /* Release */ = {
			isa = XCBuildConfiguration;
			buildSettings = {
				COMBINE_HIDPI_IMAGES = YES;
				COPY_PHASE_STRIP = NO;
				DEBUG_INFORMATION_FORMAT = "dwarf-with-dsym";
				DEFINES_MODULE = YES;
				DYLIB_COMPATIBILITY_VERSION = 1;
				DYLIB_CURRENT_VERSION = 1;
				DYLIB_INSTALL_NAME_BASE = "@rpath";
				FRAMEWORK_VERSION = A;
				GCC_NO_COMMON_BLOCKS = YES;
				INFOPLIST_FILE = "$(SRCROOT)/Supporting Files/Info.plist";
				INSTALL_PATH = "$(LOCAL_LIBRARY_DIR)/Frameworks";
				LD_RUNPATH_SEARCH_PATHS = "$(inherited) @executable_path/../Frameworks @loader_path/Frameworks";
				MACOSX_DEPLOYMENT_TARGET = 10.11;
				PRODUCT_BUNDLE_IDENTIFIER = com.lukaskubanek.LoremSwiftum;
				PRODUCT_NAME = LoremSwiftum;
				SDKROOT = macosx;
				SKIP_INSTALL = YES;
			};
			name = Release;
		};
		8094BE7419E5521A00CBE5A0 /* Debug */ = {
			isa = XCBuildConfiguration;
			buildSettings = {
				ALWAYS_SEARCH_USER_PATHS = NO;
				CLANG_CXX_LANGUAGE_STANDARD = "gnu++0x";
				CLANG_CXX_LIBRARY = "libc++";
				CLANG_ENABLE_MODULES = YES;
				CLANG_ENABLE_OBJC_ARC = YES;
				CLANG_WARN_BOOL_CONVERSION = YES;
				CLANG_WARN_CONSTANT_CONVERSION = YES;
				CLANG_WARN_DIRECT_OBJC_ISA_USAGE = YES_ERROR;
				CLANG_WARN_EMPTY_BODY = YES;
				CLANG_WARN_ENUM_CONVERSION = YES;
				CLANG_WARN_INT_CONVERSION = YES;
				CLANG_WARN_OBJC_ROOT_CLASS = YES_ERROR;
				CLANG_WARN_UNREACHABLE_CODE = YES;
				CLANG_WARN__DUPLICATE_METHOD_MATCH = YES;
				"CODE_SIGN_IDENTITY[sdk=iphoneos*]" = "iPhone Developer";
				COPY_PHASE_STRIP = NO;
				CURRENT_PROJECT_VERSION = 1;
				ENABLE_STRICT_OBJC_MSGSEND = YES;
				ENABLE_TESTABILITY = YES;
				GCC_C_LANGUAGE_STANDARD = gnu99;
				GCC_DYNAMIC_NO_PIC = NO;
				GCC_OPTIMIZATION_LEVEL = 0;
				GCC_PREPROCESSOR_DEFINITIONS = (
					"DEBUG=1",
					"$(inherited)",
				);
				GCC_SYMBOLS_PRIVATE_EXTERN = NO;
				GCC_WARN_64_TO_32_BIT_CONVERSION = YES;
				GCC_WARN_ABOUT_RETURN_TYPE = YES_ERROR;
				GCC_WARN_UNDECLARED_SELECTOR = YES;
				GCC_WARN_UNINITIALIZED_AUTOS = YES_AGGRESSIVE;
				GCC_WARN_UNUSED_FUNCTION = YES;
				GCC_WARN_UNUSED_VARIABLE = YES;
				IPHONEOS_DEPLOYMENT_TARGET = 8.0;
				MTL_ENABLE_DEBUG_INFO = YES;
				ONLY_ACTIVE_ARCH = YES;
				SDKROOT = iphoneos;
				SWIFT_OPTIMIZATION_LEVEL = "-Onone";
				TARGETED_DEVICE_FAMILY = "1,2";
				VERSIONING_SYSTEM = "apple-generic";
				VERSION_INFO_PREFIX = "";
			};
			name = Debug;
		};
		8094BE7519E5521A00CBE5A0 /* Release */ = {
			isa = XCBuildConfiguration;
			buildSettings = {
				ALWAYS_SEARCH_USER_PATHS = NO;
				CLANG_CXX_LANGUAGE_STANDARD = "gnu++0x";
				CLANG_CXX_LIBRARY = "libc++";
				CLANG_ENABLE_MODULES = YES;
				CLANG_ENABLE_OBJC_ARC = YES;
				CLANG_WARN_BOOL_CONVERSION = YES;
				CLANG_WARN_CONSTANT_CONVERSION = YES;
				CLANG_WARN_DIRECT_OBJC_ISA_USAGE = YES_ERROR;
				CLANG_WARN_EMPTY_BODY = YES;
				CLANG_WARN_ENUM_CONVERSION = YES;
				CLANG_WARN_INT_CONVERSION = YES;
				CLANG_WARN_OBJC_ROOT_CLASS = YES_ERROR;
				CLANG_WARN_UNREACHABLE_CODE = YES;
				CLANG_WARN__DUPLICATE_METHOD_MATCH = YES;
				"CODE_SIGN_IDENTITY[sdk=iphoneos*]" = "iPhone Developer";
				COPY_PHASE_STRIP = YES;
				CURRENT_PROJECT_VERSION = 1;
				ENABLE_NS_ASSERTIONS = NO;
				ENABLE_STRICT_OBJC_MSGSEND = YES;
				GCC_C_LANGUAGE_STANDARD = gnu99;
				GCC_WARN_64_TO_32_BIT_CONVERSION = YES;
				GCC_WARN_ABOUT_RETURN_TYPE = YES_ERROR;
				GCC_WARN_UNDECLARED_SELECTOR = YES;
				GCC_WARN_UNINITIALIZED_AUTOS = YES_AGGRESSIVE;
				GCC_WARN_UNUSED_FUNCTION = YES;
				GCC_WARN_UNUSED_VARIABLE = YES;
				IPHONEOS_DEPLOYMENT_TARGET = 8.0;
				MTL_ENABLE_DEBUG_INFO = NO;
				SDKROOT = iphoneos;
				TARGETED_DEVICE_FAMILY = "1,2";
				VALIDATE_PRODUCT = YES;
				VERSIONING_SYSTEM = "apple-generic";
				VERSION_INFO_PREFIX = "";
			};
			name = Release;
		};
/* End XCBuildConfiguration section */

/* Begin XCConfigurationList section */
		802CD5C71A1E9F090067165F /* Build configuration list for PBXNativeTarget "LoremSwiftum-iOS" */ = {
			isa = XCConfigurationList;
			buildConfigurations = (
				802CD5C81A1E9F090067165F /* Debug */,
				802CD5C91A1E9F090067165F /* Release */,
			);
			defaultConfigurationIsVisible = 0;
			defaultConfigurationName = Release;
		};
		80863FD71BD7864C00C3D182 /* Build configuration list for PBXNativeTarget "LoremSwiftum-OSX" */ = {
			isa = XCConfigurationList;
			buildConfigurations = (
				80863FD81BD7864C00C3D182 /* Debug */,
				80863FD91BD7864C00C3D182 /* Release */,
			);
			defaultConfigurationIsVisible = 0;
		};
		8094BE5D19E5521A00CBE5A0 /* Build configuration list for PBXProject "LoremSwiftum" */ = {
			isa = XCConfigurationList;
			buildConfigurations = (
				8094BE7419E5521A00CBE5A0 /* Debug */,
				8094BE7519E5521A00CBE5A0 /* Release */,
			);
			defaultConfigurationIsVisible = 0;
			defaultConfigurationName = Release;
		};
/* End XCConfigurationList section */
	};
	rootObject = 8094BE5A19E5521A00CBE5A0 /* Project object */;
}
